// !$*UTF8*$!
{
	archiveVersion = 1;
	classes = {
	};
	objectVersion = 50;
	objects = {

/* Begin PBXBuildFile section */
		ECDD4880264C8D0400AF49EE /* AppDelegate.swift in Sources */ = {isa = PBXBuildFile; fileRef = ECDD487F264C8D0400AF49EE /* AppDelegate.swift */; };
		ECDD4882264C8D0400AF49EE /* SceneDelegate.swift in Sources */ = {isa = PBXBuildFile; fileRef = ECDD4881264C8D0400AF49EE /* SceneDelegate.swift */; };
		ECDD4884264C8D0400AF49EE /* ViewController.swift in Sources */ = {isa = PBXBuildFile; fileRef = ECDD4883264C8D0400AF49EE /* ViewController.swift */; };
		ECDD4887264C8D0400AF49EE /* Main.storyboard in Resources */ = {isa = PBXBuildFile; fileRef = ECDD4885264C8D0400AF49EE /* Main.storyboard */; };
		ECDD4889264C8D0500AF49EE /* Assets.xcassets in Resources */ = {isa = PBXBuildFile; fileRef = ECDD4888264C8D0500AF49EE /* Assets.xcassets */; };
		ECDD488C264C8D0500AF49EE /* LaunchScreen.storyboard in Resources */ = {isa = PBXBuildFile; fileRef = ECDD488A264C8D0500AF49EE /* LaunchScreen.storyboard */; };
		ECDD4895264C8DAA00AF49EE /* Cross.png in Resources */ = {isa = PBXBuildFile; fileRef = ECDD4893264C8DAA00AF49EE /* Cross.png */; };
		ECDD4896264C8DAA00AF49EE /* Board.png in Resources */ = {isa = PBXBuildFile; fileRef = ECDD4894264C8DAA00AF49EE /* Board.png */; };
		ECDD4898264C8DB000AF49EE /* Nought.png in Resources */ = {isa = PBXBuildFile; fileRef = ECDD4897264C8DB000AF49EE /* Nought.png */; };
/* End PBXBuildFile section */

/* Begin PBXFileReference section */
		ECDD487C264C8D0400AF49EE /* TicTacToe.app */ = {isa = PBXFileReference; explicitFileType = wrapper.application; includeInIndex = 0; path = TicTacToe.app; sourceTree = BUILT_PRODUCTS_DIR; };
		ECDD487F264C8D0400AF49EE /* AppDelegate.swift */ = {isa = PBXFileReference; lastKnownFileType = sourcecode.swift; path = AppDelegate.swift; sourceTree = "<group>"; };
		ECDD4881264C8D0400AF49EE /* SceneDelegate.swift */ = {isa = PBXFileReference; lastKnownFileType = sourcecode.swift; path = SceneDelegate.swift; sourceTree = "<group>"; };
		ECDD4883264C8D0400AF49EE /* ViewController.swift */ = {isa = PBXFileReference; lastKnownFileType = sourcecode.swift; path = ViewController.swift; sourceTree = "<group>"; };
		ECDD4886264C8D0400AF49EE /* Base */ = {isa = PBXFileReference; lastKnownFileType = file.storyboard; name = Base; path = Base.lproj/Main.storyboard; sourceTree = "<group>"; };
		ECDD4888264C8D0500AF49EE /* Assets.xcassets */ = {isa = PBXFileReference; lastKnownFileType = folder.assetcatalog; path = Assets.xcassets; sourceTree = "<group>"; };
		ECDD488B264C8D0500AF49EE /* Base */ = {isa = PBXFileReference; lastKnownFileType = file.storyboard; name = Base; path = Base.lproj/LaunchScreen.storyboard; sourceTree = "<group>"; };
		ECDD488D264C8D0500AF49EE /* Info.plist */ = {isa = PBXFileReference; lastKnownFileType = text.plist.xml; path = Info.plist; sourceTree = "<group>"; };
		ECDD4893264C8DAA00AF49EE /* Cross.png */ = {isa = PBXFileReference; lastKnownFileType = image.png; path = Cross.png; sourceTree = "<group>"; };
		ECDD4894264C8DAA00AF49EE /* Board.png */ = {isa = PBXFileReference; lastKnownFileType = image.png; path = Board.png; sourceTree = "<group>"; };
		ECDD4897264C8DB000AF49EE /* Nought.png */ = {isa = PBXFileReference; lastKnownFileType = image.png; path = Nought.png; sourceTree = "<group>"; };
/* End PBXFileReference section */

/* Begin PBXFrameworksBuildPhase section */
		ECDD4879264C8D0400AF49EE /* Frameworks */ = {
			isa = PBXFrameworksBuildPhase;
			buildActionMask = 2147483647;
			files = (
			);
			runOnlyForDeploymentPostprocessing = 0;
		};
/* End PBXFrameworksBuildPhase section */

/* Begin PBXGroup section */
		ECDD4873264C8D0400AF49EE = {
			isa = PBXGroup;
			children = (
				ECDD487E264C8D0400AF49EE /* TicTacToe */,
				ECDD487D264C8D0400AF49EE /* Products */,
			);
			sourceTree = "<group>";
		};
		ECDD487D264C8D0400AF49EE /* Products */ = {
			isa = PBXGroup;
			children = (
				ECDD487C264C8D0400AF49EE /* TicTacToe.app */,
			);
			name = Products;
			sourceTree = "<group>";
		};
		ECDD487E264C8D0400AF49EE /* TicTacToe */ = {
			isa = PBXGroup;
			children = (
				ECDD487F264C8D0400AF49EE /* AppDelegate.swift */,
				ECDD4881264C8D0400AF49EE /* SceneDelegate.swift */,
				ECDD4883264C8D0400AF49EE /* ViewController.swift */,
				ECDD4885264C8D0400AF49EE /* Main.storyboard */,
				ECDD4888264C8D0500AF49EE /* Assets.xcassets */,
				ECDD488A264C8D0500AF49EE /* LaunchScreen.storyboard */,
				ECDD488D264C8D0500AF49EE /* Info.plist */,
				ECDD4894264C8DAA00AF49EE /* Board.png */,
				ECDD4893264C8DAA00AF49EE /* Cross.png */,
				ECDD4897264C8DB000AF49EE /* Nought.png */,
			);
			path = TicTacToe;
			sourceTree = "<group>";
		};
/* End PBXGroup section */

/* Begin PBXNativeTarget section */
		ECDD487B264C8D0400AF49EE /* TicTacToe */ = {
			isa = PBXNativeTarget;
			buildConfigurationList = ECDD4890264C8D0500AF49EE /* Build configuration list for PBXNativeTarget "TicTacToe" */;
			buildPhases = (
				ECDD4878264C8D0400AF49EE /* Sources */,
				ECDD4879264C8D0400AF49EE /* Frameworks */,
				ECDD487A264C8D0400AF49EE /* Resources */,
			);
			buildRules = (
			);
			dependencies = (
			);
			name = TicTacToe;
			productName = TicTacToe;
			productReference = ECDD487C264C8D0400AF49EE /* TicTacToe.app */;
			productType = "com.apple.product-type.application";
		};
/* End PBXNativeTarget section */

/* Begin PBXProject section */
		ECDD4874264C8D0400AF49EE /* Project object */ = {
			isa = PBXProject;
			attributes = {
				LastSwiftUpdateCheck = 1250;
				LastUpgradeCheck = 1250;
				TargetAttributes = {
					ECDD487B264C8D0400AF49EE = {
						CreatedOnToolsVersion = 12.5;
					};
				};
			};
			buildConfigurationList = ECDD4877264C8D0400AF49EE /* Build configuration list for PBXProject "TicTacToe" */;
			compatibilityVersion = "Xcode 9.3";
			developmentRegion = en;
			hasScannedForEncodings = 0;
			knownRegions = (
				en,
				Base,
			);
			mainGroup = ECDD4873264C8D0400AF49EE;
			productRefGroup = ECDD487D264C8D0400AF49EE /* Products */;
			projectDirPath = "";
			projectRoot = "";
			targets = (
				ECDD487B264C8D0400AF49EE /* TicTacToe */,
			);
		};
/* End PBXProject section */

/* Begin PBXResourcesBuildPhase section */
		ECDD487A264C8D0400AF49EE /* Resources */ = {
			isa = PBXResourcesBuildPhase;
			buildActionMask = 2147483647;
			files = (
				ECDD4898264C8DB000AF49EE /* Nought.png in Resources */,
				ECDD4896264C8DAA00AF49EE /* Board.png in Resources */,
				ECDD488C264C8D0500AF49EE /* LaunchScreen.storyboard in Resources */,
				ECDD4889264C8D0500AF49EE /* Assets.xcassets in Resources */,
				ECDD4895264C8DAA00AF49EE /* Cross.png in Resources */,
				ECDD4887264C8D0400AF49EE /* Main.storyboard in Resources */,
			);
			runOnlyForDeploymentPostprocessing = 0;
		};
/* End PBXResourcesBuildPhase section */

/* Begin PBXSourcesBuildPhase section */
		ECDD4878264C8D0400AF49EE /* Sources */ = {
			isa = PBXSourcesBuildPhase;
			buildActionMask = 2147483647;
			files = (
				ECDD4884264C8D0400AF49EE /* ViewController.swift in Sources */,
				ECDD4880264C8D0400AF49EE /* AppDelegate.swift in Sources */,
				ECDD4882264C8D0400AF49EE /* SceneDelegate.swift in Sources */,
			);
			runOnlyForDeploymentPostprocessing = 0;
		};
/* End PBXSourcesBuildPhase section */

/* Begin PBXVariantGroup section */
		ECDD4885264C8D0400AF49EE /* Main.storyboard */ = {
			isa = PBXVariantGroup;
			children = (
				ECDD4886264C8D0400AF49EE /* Base */,
			);
			name = Main.storyboard;
			sourceTree = "<group>";
		};
		ECDD488A264C8D0500AF49EE /* LaunchScreen.storyboard */ = {
			isa = PBXVariantGroup;
			children = (
				ECDD488B264C8D0500AF49EE /* Base */,
			);
			name = LaunchScreen.storyboard;
			sourceTree = "<group>";
		};
/* End PBXVariantGroup section */

/* Begin XCBuildConfiguration section */
		ECDD488E264C8D0500AF49EE /* Debug */ = {
			isa = XCBuildConfiguration;
			buildSettings = {
				ALWAYS_SEARCH_USER_PATHS = NO;
				CLANG_ANALYZER_NONNULL = YES;
				CLANG_ANALYZER_NUMBER_OBJECT_CONVERSION = YES_AGGRESSIVE;
				CLANG_CXX_LANGUAGE_STANDARD = "gnu++14";
				CLANG_CXX_LIBRARY = "libc++";
				CLANG_ENABLE_MODULES = YES;
				CLANG_ENABLE_OBJC_ARC = YES;
				CLANG_ENABLE_OBJC_WEAK = YES;
				CLANG_WARN_BLOCK_CAPTURE_AUTORELEASING = YES;
				CLANG_WARN_BOOL_CONVERSION = YES;
				CLANG_WARN_COMMA = YES;
				CLANG_WARN_CONSTANT_CONVERSION = YES;
				CLANG_WARN_DEPRECATED_OBJC_IMPLEMENTATIONS = YES;
				CLANG_WARN_DIRECT_OBJC_ISA_USAGE = YES_ERROR;
				CLANG_WARN_DOCUMENTATION_COMMENTS = YES;
				CLANG_WARN_EMPTY_BODY = YES;
				CLANG_WARN_ENUM_CONVERSION = YES;
				CLANG_WARN_INFINITE_RECURSION = YES;
				CLANG_WARN_INT_CONVERSION = YES;
				CLANG_WARN_NON_LITERAL_NULL_CONVERSION = YES;
				CLANG_WARN_OBJC_IMPLICIT_RETAIN_SELF = YES;
				CLANG_WARN_OBJC_LITERAL_CONVERSION = YES;
				CLANG_WARN_OBJC_ROOT_CLASS = YES_ERROR;
				CLANG_WARN_QUOTED_INCLUDE_IN_FRAMEWORK_HEADER = YES;
				CLANG_WARN_RANGE_LOOP_ANALYSIS = YES;
				CLANG_WARN_STRICT_PROTOTYPES = YES;
				CLANG_WARN_SUSPICIOUS_MOVE = YES;
				CLANG_WARN_UNGUARDED_AVAILABILITY = YES_AGGRESSIVE;
				CLANG_WARN_UNREACHABLE_CODE = YES;
				CLANG_WARN__DUPLICATE_METHOD_MATCH = YES;
				COPY_PHASE_STRIP = NO;
				DEBUG_INFORMATION_FORMAT = dwarf;
				ENABLE_STRICT_OBJC_MSGSEND = YES;
				ENABLE_TESTABILITY = YES;
				GCC_C_LANGUAGE_STANDARD = gnu11;
				GCC_DYNAMIC_NO_PIC = NO;
				GCC_NO_COMMON_BLOCKS = YES;
				GCC_OPTIMIZATION_LEVEL = 0;
				GCC_PREPROCESSOR_DEFINITIONS = (
					"DEBUG=1",
					"$(inherited)",
				);
				GCC_WARN_64_TO_32_BIT_CONVERSION = YES;
				GCC_WARN_ABOUT_RETURN_TYPE = YES_ERROR;
				GCC_WARN_UNDECLARED_SELECTOR = YES;
				GCC_WARN_UNINITIALIZED_AUTOS = YES_AGGRESSIVE;
				GCC_WARN_UNUSED_FUNCTION = YES;
				GCC_WARN_UNUSED_VARIABLE = YES;
				IPHONEOS_DEPLOYMENT_TARGET = 14.5;
				MTL_ENABLE_DEBUG_INFO = INCLUDE_SOURCE;
				MTL_FAST_MATH = YES;
				ONLY_ACTIVE_ARCH = YES;
				SDKROOT = iphoneos;
				SWIFT_ACTIVE_COMPILATION_CONDITIONS = DEBUG;
				SWIFT_OPTIMIZATION_LEVEL = "-Onone";
			};
			name = Debug;
		};
		ECDD488F264C8D0500AF49EE /* Release */ = {
			isa = XCBuildConfiguration;
			buildSettings = {
				ALWAYS_SEARCH_USER_PATHS = NO;
				CLANG_ANALYZER_NONNULL = YES;
				CLANG_ANALYZER_NUMBER_OBJECT_CONVERSION = YES_AGGRESSIVE;
				CLANG_CXX_LANGUAGE_STANDARD = "gnu++14";
				CLANG_CXX_LIBRARY = "libc++";
				CLANG_ENABLE_MODULES = YES;
				CLANG_ENABLE_OBJC_ARC = YES;
				CLANG_ENABLE_OBJC_WEAK = YES;
				CLANG_WARN_BLOCK_CAPTURE_AUTORELEASING = YES;
				CLANG_WARN_BOOL_CONVERSION = YES;
				CLANG_WARN_COMMA = YES;
				CLANG_WARN_CONSTANT_CONVERSION = YES;
				CLANG_WARN_DEPRECATED_OBJC_IMPLEMENTATIONS = YES;
				CLANG_WARN_DIRECT_OBJC_ISA_USAGE = YES_ERROR;
				CLANG_WARN_DOCUMENTATION_COMMENTS = YES;
				CLANG_WARN_EMPTY_BODY = YES;
				CLANG_WARN_ENUM_CONVERSION = YES;
				CLANG_WARN_INFINITE_RECURSION = YES;
				CLANG_WARN_INT_CONVERSION = YES;
				CLANG_WARN_NON_LITERAL_NULL_CONVERSION = YES;
				CLANG_WARN_OBJC_IMPLICIT_RETAIN_SELF = YES;
				CLANG_WARN_OBJC_LITERAL_CONVERSION = YES;
				CLANG_WARN_OBJC_ROOT_CLASS = YES_ERROR;
				CLANG_WARN_QUOTED_INCLUDE_IN_FRAMEWORK_HEADER = YES;
				CLANG_WARN_RANGE_LOOP_ANALYSIS = YES;
				CLANG_WARN_STRICT_PROTOTYPES = YES;
				CLANG_WARN_SUSPICIOUS_MOVE = YES;
				CLANG_WARN_UNGUARDED_AVAILABILITY = YES_AGGRESSIVE;
				CLANG_WARN_UNREACHABLE_CODE = YES;
				CLANG_WARN__DUPLICATE_METHOD_MATCH = YES;
				COPY_PHASE_STRIP = NO;
				DEBUG_INFORMATION_FORMAT = "dwarf-with-dsym";
				ENABLE_NS_ASSERTIONS = NO;
				ENABLE_STRICT_OBJC_MSGSEND = YES;
				GCC_C_LANGUAGE_STANDARD = gnu11;
				GCC_NO_COMMON_BLOCKS = YES;
				GCC_WARN_64_TO_32_BIT_CONVERSION = YES;
				GCC_WARN_ABOUT_RETURN_TYPE = YES_ERROR;
				GCC_WARN_UNDECLARED_SELECTOR = YES;
				GCC_WARN_UNINITIALIZED_AUTOS = YES_AGGRESSIVE;
				GCC_WARN_UNUSED_FUNCTION = YES;
				GCC_WARN_UNUSED_VARIABLE = YES;
				IPHONEOS_DEPLOYMENT_TARGET = 14.5;
				MTL_ENABLE_DEBUG_INFO = NO;
				MTL_FAST_MATH = YES;
				SDKROOT = iphoneos;
				SWIFT_COMPILATION_MODE = wholemodule;
				SWIFT_OPTIMIZATION_LEVEL = "-O";
				VALIDATE_PRODUCT = YES;
			};
			name = Release;
		};
		ECDD4891264C8D0500AF49EE /* Debug */ = {
			isa = XCBuildConfiguration;
			buildSettings = {
				ASSETCATALOG_COMPILER_APPICON_NAME = AppIcon;
				ASSETCATALOG_COMPILER_GLOBAL_ACCENT_COLOR_NAME = AccentColor;
				CODE_SIGN_STYLE = Automatic;
				DEVELOPMENT_TEAM = NA39TN9Y3A;
				INFOPLIST_FILE = TicTacToe/Info.plist;
				LD_RUNPATH_SEARCH_PATHS = (
					"$(inherited)",
					"@executable_path/Frameworks",
				);
				PRODUCT_BUNDLE_IDENTIFIER = com.JavierCanto.TicTacToe;
				PRODUCT_NAME = "$(TARGET_NAME)";
				SWIFT_VERSION = 5.0;
				TARGETED_DEVICE_FAMILY = "1,2";
			};
			name = Debug;
		};
		ECDD4892264C8D0500AF49EE /* Release */ = {
			isa = XCBuildConfiguration;
			buildSettings = {
				ASSETCATALOG_COMPILER_APPICON_NAME = AppIcon;
				ASSETCATALOG_COMPILER_GLOBAL_ACCENT_COLOR_NAME = AccentColor;
				CODE_SIGN_STYLE = Automatic;
				DEVELOPMENT_TEAM = NA39TN9Y3A;
				INFOPLIST_FILE = TicTacToe/Info.plist;
				LD_RUNPATH_SEARCH_PATHS = (
					"$(inherited)",
					"@executable_path/Frameworks",
				);
				PRODUCT_BUNDLE_IDENTIFIER = com.JavierCanto.TicTacToe;
				PRODUCT_NAME = "$(TARGET_NAME)";
				SWIFT_VERSION = 5.0;
				TARGETED_DEVICE_FAMILY = "1,2";
			};
			name = Release;
		};
/* End XCBuildConfiguration section */

/* Begin XCConfigurationList section */
		ECDD4877264C8D0400AF49EE /* Build configuration list for PBXProject "TicTacToe" */ = {
			isa = XCConfigurationList;
			buildConfigurations = (
				ECDD488E264C8D0500AF49EE /* Debug */,
				ECDD488F264C8D0500AF49EE /* Release */,
			);
			defaultConfigurationIsVisible = 0;
			defaultConfigurationName = Release;
		};
		ECDD4890264C8D0500AF49EE /* Build configuration list for PBXNativeTarget "TicTacToe" */ = {
			isa = XCConfigurationList;
			buildConfigurations = (
				ECDD4891264C8D0500AF49EE /* Debug */,
				ECDD4892264C8D0500AF49EE /* Release */,
			);
			defaultConfigurationIsVisible = 0;
			defaultConfigurationName = Release;
		};
/* End XCConfigurationList section */
	};
	rootObject = ECDD4874264C8D0400AF49EE /* Project object */;
}
